
Microsoft Visual Studio Solution File, Format Version 12.00
# Visual Studio Version 17
VisualStudioVersion = 17.6.33829.357
MinimumVisualStudioVersion = 10.0.40219.1
Project("{FAE04EC0-301F-11D3-BF4B-00C04F79EFBC}") = "EntityMVC_CRUD", "EntityMVC_CRUD.csproj", "{FC6D6308-FA75-4809-9A31-594BCF8A9CA0}"
EndProject
Global
	GlobalSection(SolutionConfigurationPlatforms) = preSolution
		Debug|Any CPU = Debug|Any CPU
		Release|Any CPU = Release|Any CPU
	EndGlobalSection
	GlobalSection(ProjectConfigurationPlatforms) = postSolution
		{FC6D6308-FA75-4809-9A31-594BCF8A9CA0}.Debug|Any CPU.ActiveCfg = Debug|Any CPU
		{FC6D6308-FA75-4809-9A31-594BCF8A9CA0}.Debug|Any CPU.Build.0 = Debug|Any CPU
		{FC6D6308-FA75-4809-9A31-594BCF8A9CA0}.Release|Any CPU.ActiveCfg = Release|Any CPU
		{FC6D6308-FA75-4809-9A31-594BCF8A9CA0}.Release|Any CPU.Build.0 = Release|Any CPU
	EndGlobalSection
	GlobalSection(SolutionProperties) = preSolution
		HideSolutionNode = FALSE
	EndGlobalSection
	GlobalSection(ExtensibilityGlobals) = postSolution
		SolutionGuid = {8839D30C-C8E2-42C7-A537-A68174C71524}
	EndGlobalSection
EndGlobal
